{
  
  "name": "todolist",
  
  "lockfileVersion": 2,
  
  "requires": true,
  
  "packages": {
  
    
  "": {
  
    
    
  "dependencies": {
  
    
    
    
  "autoprefixer": "10.4.5",
  
    
    
    
  "react": "^18.1.0",
  
    
    
    
  "react-calendar": "^3.7.0"
  
    
    
  }
  
    
  },
  
    
  "node_modules/@wojtekmaj/date-utils": {
  
    
    
  "version": "1.0.3",
  
    
    
  "resolved": "https://registry.npmjs.org/@wojtekmaj/date-utils/-/date-utils-1.0.3.tgz",
  
    
    
  "integrity": "sha512-1VPkkTBk07gMR1fjpBtse4G+oJqpmE+0gUFB0dg3VIL7qJmUVaBoD/vlzMm/jNeOPfvlmerl1lpnsZyBUFIRuw==",
  
    
    
  "funding": {
  
    
    
    
  "url": "https://github.com/wojtekmaj/date-utils?sponsor=1"
  
    
    
  }
  
    
  },
  
    
  "node_modules/autoprefixer": {
  
    
    
  "version": "10.4.5",
  
    
    
  "resolved": "https://registry.npmjs.org/autoprefixer/-/autoprefixer-10.4.5.tgz",
  
    
    
  "integrity": "sha512-Fvd8yCoA7lNX/OUllvS+aS1I7WRBclGXsepbvT8ZaPgrH24rgXpZzF0/6Hh3ZEkwg+0AES/Osd196VZmYoEFtw==",
  
    
    
  "funding": [
  
    
    
    
  {
  
    
    
    
    
  "type": "opencollective",
  
    
    
    
    
  "url": "https://opencollective.com/postcss/"
  
    
    
    
  },
  
    
    
    
  {
  
    
    
    
    
  "type": "tidelift",
  
    
    
    
    
  "url": "https://tidelift.com/funding/github/npm/autoprefixer"
  
    
    
    
  }
  
    
    
  ],
  
    
    
  "dependencies": {
  
    
    
    
  "browserslist": "^4.20.2",
  
    
    
    
  "caniuse-lite": "^1.0.30001332",
  
    
    
    
  "fraction.js": "^4.2.0",
  
    
    
    
  "normalize-range": "^0.1.2",
  
    
    
    
  "picocolors": "^1.0.0",
  
    
    
    
  "postcss-value-parser": "^4.2.0"
  
    
    
  },
  
    
    
  "bin": {
  
    
    
    
  "autoprefixer": "bin/autoprefixer"
  
    
    
  },
  
    
    
  "engines": {
  
    
    
    
  "node": "^10 || ^12 || >=14"
  
    
    
  },
  
    
    
  "peerDependencies": {
  
    
    
    
  "postcss": "^8.1.0"
  
    
    
  }
  
    
  },
  
    
  "node_modules/browserslist": {
  
    
    
  "version": "4.20.3",
  
    
    
  "resolved": "https://registry.npmjs.org/browserslist/-/browserslist-4.20.3.tgz",
  
    
    
  "integrity": "sha512-NBhymBQl1zM0Y5dQT/O+xiLP9/rzOIQdKM/eMJBAq7yBgaB6krIYLGejrwVYnSHZdqjscB1SPuAjHwxjvN6Wdg==",
  
    
    
  "funding": [
  
    
    
    
  {
  
    
    
    
    
  "type": "opencollective",
  
    
    
    
    
  "url": "https://opencollective.com/browserslist"
  
    
    
    
  },
  
    
    
    
  {
  
    
    
    
    
  "type": "tidelift",
  
    
    
    
    
  "url": "https://tidelift.com/funding/github/npm/browserslist"
  
    
    
    
  }
  
    
    
  ],
  
    
    
  "dependencies": {
  
    
    
    
  "caniuse-lite": "^1.0.30001332",
  
    
    
    
  "electron-to-chromium": "^1.4.118",
  
    
    
    
  "escalade": "^3.1.1",
  
    
    
    
  "node-releases": "^2.0.3",
  
    
    
    
  "picocolors": "^1.0.0"
  
    
    
  },
  
    
    
  "bin": {
  
    
    
    
  "browserslist": "cli.js"
  
    
    
  },
  
    
    
  "engines": {
  
    
    
    
  "node": "^6 || ^7 || ^8 || ^9 || ^10 || ^11 || ^12 || >=13.7"
  
    
    
  }
  
    
  },
  
    
  "node_modules/caniuse-lite": {
  
    
    
  "version": "1.0.30001340",
  
    
    
  "resolved": "https://registry.npmjs.org/caniuse-lite/-/caniuse-lite-1.0.30001340.tgz",
  
    
    
  "integrity": "sha512-jUNz+a9blQTQVu4uFcn17uAD8IDizPzQkIKh3LCJfg9BkyIqExYYdyc/ZSlWUSKb8iYiXxKsxbv4zYSvkqjrxw==",
  
    
    
  "funding": [
  
    
    
    
  {
  
    
    
    
    
  "type": "opencollective",
  
    
    
    
    
  "url": "https://opencollective.com/browserslist"
  
    
    
    
  },
  
    
    
    
  {
  
    
    
    
    
  "type": "tidelift",
  
    
    
    
    
  "url": "https://tidelift.com/funding/github/npm/caniuse-lite"
  
    
    
    
  }
  
    
    
  ]
  
    
  },
  
    
  "node_modules/electron-to-chromium": {
  
    
    
  "version": "1.4.137",
  
    
    
  "resolved": "https://registry.npmjs.org/electron-to-chromium/-/electron-to-chromium-1.4.137.tgz",
  
    
    
  "integrity": "sha512-0Rcpald12O11BUogJagX3HsCN3FE83DSqWjgXoHo5a72KUKMSfI39XBgJpgNNxS9fuGzytaFjE06kZkiVFy2qA=="
  
    
  },
  
    
  "node_modules/escalade": {
  
    
    
  "version": "3.1.1",
  
    
    
  "resolved": "https://registry.npmjs.org/escalade/-/escalade-3.1.1.tgz",
  
    
    
  "integrity": "sha512-k0er2gUkLf8O0zKJiAhmkTnJlTvINGv7ygDNPbeIsX/TJjGJZHuh9B2UxbsaEkmlEo9MfhrSzmhIlhRlI2GXnw==",
  
    
    
  "engines": {
  
    
    
    
  "node": ">=6"
  
    
    
  }
  
    
  },
  
    
  "node_modules/fraction.js": {
  
    
    
  "version": "4.2.0",
  
    
    
  "resolved": "https://registry.npmjs.org/fraction.js/-/fraction.js-4.2.0.tgz",
  
    
    
  "integrity": "sha512-MhLuK+2gUcnZe8ZHlaaINnQLl0xRIGRfcGk2yl8xoQAfHrSsL3rYu6FCmBdkdbhc9EPlwyGHewaRsvwRMJtAlA==",
  
    
    
  "engines": {
  
    
    
    
  "node": "*"
  
    
    
  },
  
    
    
  "funding": {
  
    
    
    
  "type": "patreon",
  
    
    
    
  "url": "https://www.patreon.com/infusion"
  
    
    
  }
  
    
  },
  
    
  "node_modules/get-user-locale": {
  
    
    
  "version": "1.4.0",
  
    
    
  "resolved": "https://registry.npmjs.org/get-user-locale/-/get-user-locale-1.4.0.tgz",
  
    
    
  "integrity": "sha512-gQo03lP1OArHLKlnoglqrGGl7b04u2EP9Xutmp72cMdtrrSD7ZgIsCsUKZynYWLDkVJW33Cj3pliP7uP0UonHQ==",
  
    
    
  "dependencies": {
  
    
    
    
  "lodash.once": "^4.1.1"
  
    
    
  }
  
    
  },
  
    
  "node_modules/js-tokens": {
  
    
    
  "version": "4.0.0",
  
    
    
  "resolved": "https://registry.npmjs.org/js-tokens/-/js-tokens-4.0.0.tgz",
  
    
    
  "integrity": "sha512-RdJUflcE3cUzKiMqQgsCu06FPu9UdIJO0beYbPhHN4k6apgJtifcoCtT9bcxOpYBtpD2kCM6Sbzg4CausW/PKQ=="
  
    
  },
  
    
  "node_modules/lodash.once": {
  
    
    
  "version": "4.1.1",
  
    
    
  "resolved": "https://registry.npmjs.org/lodash.once/-/lodash.once-4.1.1.tgz",
  
    
    
  "integrity": "sha1-DdOXEhPHxW34gJd9UEyI+0cal6w="
  
    
  },
  
    
  "node_modules/loose-envify": {
  
    
    
  "version": "1.4.0",
  
    
    
  "resolved": "https://registry.npmjs.org/loose-envify/-/loose-envify-1.4.0.tgz",
  
    
    
  "integrity": "sha512-lyuxPGr/Wfhrlem2CL/UcnUc1zcqKAImBDzukY7Y5F/yQiNdko6+fRLevlw1HgMySw7f611UIY408EtxRSoK3Q==",
  
    
    
  "dependencies": {
  
    
    
    
  "js-tokens": "^3.0.0 || ^4.0.0"
  
    
    
  },
  
    
    
  "bin": {
  
    
    
    
  "loose-envify": "cli.js"
  
    
    
  }
  
    
  },
  
    
  "node_modules/merge-class-names": {
  
    
    
  "version": "1.4.2",
  
    
    
  "resolved": "https://registry.npmjs.org/merge-class-names/-/merge-class-names-1.4.2.tgz",
  
    
    
  "integrity": "sha512-bOl98VzwCGi25Gcn3xKxnR5p/WrhWFQB59MS/aGENcmUc6iSm96yrFDF0XSNurX9qN4LbJm0R9kfvsQ17i8zCw==",
  
    
    
  "funding": {
  
    
    
    
  "url": "https://github.com/wojtekmaj/merge-class-names?sponsor=1"
  
    
    
  }
  
    
  },
  
    
  "node_modules/nanoid": {
  
    
    
  "version": "3.3.4",
  
    
    
  "resolved": "https://registry.npmjs.org/nanoid/-/nanoid-3.3.4.tgz",
  
    
    
  "integrity": "sha512-MqBkQh/OHTS2egovRtLk45wEyNXwF+cokD+1YPf9u5VfJiRdAiRwB2froX5Co9Rh20xs4siNPm8naNotSD6RBw==",
  
    
    
  "peer": true,
  
    
    
  "bin": {
  
    
    
    
  "nanoid": "bin/nanoid.cjs"
  
    
    
  },
  
    
    
  "engines": {
  
    
    
    
  "node": "^10 || ^12 || ^13.7 || ^14 || >=15.0.1"
  
    
    
  }
  
    
  },
  
    
  "node_modules/node-releases": {
  
    
    
  "version": "2.0.4",
  
    
    
  "resolved": "https://registry.npmjs.org/node-releases/-/node-releases-2.0.4.tgz",
  
    
    
  "integrity": "sha512-gbMzqQtTtDz/00jQzZ21PQzdI9PyLYqUSvD0p3naOhX4odFji0ZxYdnVwPTxmSwkmxhcFImpozceidSG+AgoPQ=="
  
    
  },
  
    
  "node_modules/normalize-range": {
  
    
    
  "version": "0.1.2",
  
    
    
  "resolved": "https://registry.npmjs.org/normalize-range/-/normalize-range-0.1.2.tgz",
  
    
    
  "integrity": "sha1-LRDAa9/TEuqXd2laTShDlFa3WUI=",
  
    
    
  "engines": {
  
    
    
    
  "node": ">=0.10.0"
  
    
    
  }
  
    
  },
  
    
  "node_modules/object-assign": {
  
    
    
  "version": "4.1.1",
  
    
    
  "resolved": "https://registry.npmjs.org/object-assign/-/object-assign-4.1.1.tgz",
  
    
    
  "integrity": "sha1-IQmtx5ZYh8/AXLvUQsrIv7s2CGM=",
  
    
    
  "engines": {
  
    
    
    
  "node": ">=0.10.0"
  
    
    
  }
  
    
  },
  
    
  "node_modules/picocolors": {
  
    
    
  "version": "1.0.0",
  
    
    
  "resolved": "https://registry.npmjs.org/picocolors/-/picocolors-1.0.0.tgz",
  
    
    
  "integrity": "sha512-1fygroTLlHu66zi26VoTDv8yRgm0Fccecssto+MhsZ0D/DGW2sm8E8AjW7NU5VVTRt5GxbeZ5qBuJr+HyLYkjQ=="
  
    
  },
  
    
  "node_modules/postcss": {
  
    
    
  "version": "8.4.13",
  
    
    
  "resolved": "https://registry.npmjs.org/postcss/-/postcss-8.4.13.tgz",
  
    
    
  "integrity": "sha512-jtL6eTBrza5MPzy8oJLFuUscHDXTV5KcLlqAWHl5q5WYRfnNRGSmOZmOZ1T6Gy7A99mOZfqungmZMpMmCVJ8ZA==",
  
    
    
  "funding": [
  
    
    
    
  {
  
    
    
    
    
  "type": "opencollective",
  
    
    
    
    
  "url": "https://opencollective.com/postcss/"
  
    
    
    
  },
  
    
    
    
  {
  
    
    
    
    
  "type": "tidelift",
  
    
    
    
    
  "url": "https://tidelift.com/funding/github/npm/postcss"
  
    
    
    
  }
  
    
    
  ],
  
    
    
  "peer": true,
  
    
    
  "dependencies": {
  
    
    
    
  "nanoid": "^3.3.3",
  
    
    
    
  "picocolors": "^1.0.0",
  
    
    
    
  "source-map-js": "^1.0.2"
  
    
    
  },
  
    
    
  "engines": {
  
    
    
    
  "node": "^10 || ^12 || >=14"
  
    
    
  }
  
    
  },
  
    
  "node_modules/postcss-value-parser": {
  
    
    
  "version": "4.2.0",
  
    
    
  "resolved": "https://registry.npmjs.org/postcss-value-parser/-/postcss-value-parser-4.2.0.tgz",
  
    
    
  "integrity": "sha512-1NNCs6uurfkVbeXG4S8JFT9t19m45ICnif8zWLd5oPSZ50QnwMfK+H3jv408d4jw/7Bttv5axS5IiHoLaVNHeQ=="
  
    
  },
  
    
  "node_modules/prop-types": {
  
    
    
  "version": "15.8.1",
  
    
    
  "resolved": "https://registry.npmjs.org/prop-types/-/prop-types-15.8.1.tgz",
  
    
    
  "integrity": "sha512-oj87CgZICdulUohogVAR7AjlC0327U4el4L6eAvOqCeudMDVU0NThNaV+b9Df4dXgSP1gXMTnPdhfe/2qDH5cg==",
  
    
    
  "dependencies": {
  
    
    
    
  "loose-envify": "^1.4.0",
  
    
    
    
  "object-assign": "^4.1.1",
  
    
    
    
  "react-is": "^16.13.1"
  
    
    
  }
  
    
  },
  
    
  "node_modules/react": {
  
    
    
  "version": "18.1.0",
  
    
    
  "resolved": "https://registry.npmjs.org/react/-/react-18.1.0.tgz",
  
    
    
  "integrity": "sha512-4oL8ivCz5ZEPyclFQXaNksK3adutVS8l2xzZU0cqEFrE9Sb7fC0EFK5uEk74wIreL1DERyjvsU915j1pcT2uEQ==",
  
    
    
  "dependencies": {
  
    
    
    
  "loose-envify": "^1.1.0"
  
    
    
  },
  
    
    
  "engines": {
  
    
    
    
  "node": ">=0.10.0"
  
    
    
  }
  
    
  },
  
    
  "node_modules/react-calendar": {
  
    
    
  "version": "3.7.0",
  
    
    
  "resolved": "https://registry.npmjs.org/react-calendar/-/react-calendar-3.7.0.tgz",
  
    
    
  "integrity": "sha512-zkK95zWLWLC6w3O7p3SHx/FJXEyyD2UMd4jr3CrKD+G73N+G5vEwrXxYQCNivIPoFNBjqoyYYGlkHA+TBDPLCw==",
  
    
    
  "dependencies": {
  
    
    
    
  "@wojtekmaj/date-utils": "^1.0.2",
  
    
    
    
  "get-user-locale": "^1.2.0",
  
    
    
    
  "merge-class-names": "^1.1.1",
  
    
    
    
  "prop-types": "^15.6.0"
  
    
    
  },
  
    
    
  "funding": {
  
    
    
    
  "url": "https://github.com/wojtekmaj/react-calendar?sponsor=1"
  
    
    
  },
  
    
    
  "peerDependencies": {
  
    
    
    
  "react": "^16.3.0 || ^17.0.0 || ^18.0.0",
  
    
    
    
  "react-dom": "^16.3.0 || ^17.0.0 || ^18.0.0"
  
    
    
  }
  
    
  },
  
    
  "node_modules/react-dom": {
  
    
    
  "version": "18.1.0",
  
    
    
  "resolved": "https://registry.npmjs.org/react-dom/-/react-dom-18.1.0.tgz",
  
    
    
  "integrity": "sha512-fU1Txz7Budmvamp7bshe4Zi32d0ll7ect+ccxNu9FlObT605GOEB8BfO4tmRJ39R5Zj831VCpvQ05QPBW5yb+w==",
  
    
    
  "peer": true,
  
    
    
  "dependencies": {
  
    
    
    
  "loose-envify": "^1.1.0",
  
    
    
    
  "scheduler": "^0.22.0"
  
    
    
  },
  
    
    
  "peerDependencies": {
  
    
    
    
  "react": "^18.1.0"
  
    
    
  }
  
    
  },
  
    
  "node_modules/react-is": {
  
    
    
  "version": "16.13.1",
  
    
    
  "resolved": "https://registry.npmjs.org/react-is/-/react-is-16.13.1.tgz",
  
    
    
  "integrity": "sha512-24e6ynE2H+OKt4kqsOvNd8kBpV65zoxbA4BVsEOB3ARVWQki/DHzaUoC5KuON/BiccDaCCTZBuOcfZs70kR8bQ=="
  
    
  },
  
    
  "node_modules/scheduler": {
  
    
    
  "version": "0.22.0",
  
    
    
  "resolved": "https://registry.npmjs.org/scheduler/-/scheduler-0.22.0.tgz",
  
    
    
  "integrity": "sha512-6QAm1BgQI88NPYymgGQLCZgvep4FyePDWFpXVK+zNSUgHwlqpJy8VEh8Et0KxTACS4VWwMousBElAZOH9nkkoQ==",
  
    
    
  "peer": true,
  
    
    
  "dependencies": {
  
    
    
    
  "loose-envify": "^1.1.0"
  
    
    
  }
  
    
  },
  
    
  "node_modules/source-map-js": {
  
    
    
  "version": "1.0.2",
  
    
    
  "resolved": "https://registry.npmjs.org/source-map-js/-/source-map-js-1.0.2.tgz",
  
    
    
  "integrity": "sha512-R0XvVJ9WusLiqTCEiGCmICCMplcCkIwwR11mOSD9CR5u+IXYdiseeEuXCVAjS54zqwkLcPNnmU4OeJ6tUrWhDw==",
  
    
    
  "peer": true,
  
    
    
  "engines": {
  
    
    
    
  "node": ">=0.10.0"
  
    
    
  }
  
    
  }
  
  },
  
  "dependencies": {
  
    
  "@wojtekmaj/date-utils": {
  
    
    
  "version": "1.0.3",
  
    
    
  "resolved": "https://registry.npmjs.org/@wojtekmaj/date-utils/-/date-utils-1.0.3.tgz",
  
    
    
  "integrity": "sha512-1VPkkTBk07gMR1fjpBtse4G+oJqpmE+0gUFB0dg3VIL7qJmUVaBoD/vlzMm/jNeOPfvlmerl1lpnsZyBUFIRuw=="
  
    
  },
  
    
  "autoprefixer": {
  
    
    
  "version": "10.4.5",
  
    
    
  "resolved": "https://registry.npmjs.org/autoprefixer/-/autoprefixer-10.4.5.tgz",
  
    
    
  "integrity": "sha512-Fvd8yCoA7lNX/OUllvS+aS1I7WRBclGXsepbvT8ZaPgrH24rgXpZzF0/6Hh3ZEkwg+0AES/Osd196VZmYoEFtw==",
  
    
    
  "requires": {
  
    
    
    
  "browserslist": "^4.20.2",
  
    
    
    
  "caniuse-lite": "^1.0.30001332",
  
    
    
    
  "fraction.js": "^4.2.0",
  
    
    
    
  "normalize-range": "^0.1.2",
  
    
    
    
  "picocolors": "^1.0.0",
  
    
    
    
  "postcss-value-parser": "^4.2.0"
  
    
    
  }
  
    
  },
  
    
  "browserslist": {
  
    
    
  "version": "4.20.3",
  
    
    
  "resolved": "https://registry.npmjs.org/browserslist/-/browserslist-4.20.3.tgz",
  
    
    
  "integrity": "sha512-NBhymBQl1zM0Y5dQT/O+xiLP9/rzOIQdKM/eMJBAq7yBgaB6krIYLGejrwVYnSHZdqjscB1SPuAjHwxjvN6Wdg==",
  
    
    
  "requires": {
  
    
    
    
  "caniuse-lite": "^1.0.30001332",
  
    
    
    
  "electron-to-chromium": "^1.4.118",
  
    
    
    
  "escalade": "^3.1.1",
  
    
    
    
  "node-releases": "^2.0.3",
  
    
    
    
  "picocolors": "^1.0.0"
  
    
    
  }
  
    
  },
  
    
  "caniuse-lite": {
  
    
    
  "version": "1.0.30001340",
  
    
    
  "resolved": "https://registry.npmjs.org/caniuse-lite/-/caniuse-lite-1.0.30001340.tgz",
  
    
    
  "integrity": "sha512-jUNz+a9blQTQVu4uFcn17uAD8IDizPzQkIKh3LCJfg9BkyIqExYYdyc/ZSlWUSKb8iYiXxKsxbv4zYSvkqjrxw=="
  
    
  },
  
    
  "electron-to-chromium": {
  
    
    
  "version": "1.4.137",
  
    
    
  "resolved": "https://registry.npmjs.org/electron-to-chromium/-/electron-to-chromium-1.4.137.tgz",
  
    
    
  "integrity": "sha512-0Rcpald12O11BUogJagX3HsCN3FE83DSqWjgXoHo5a72KUKMSfI39XBgJpgNNxS9fuGzytaFjE06kZkiVFy2qA=="
  
    
  },
  
    
  "escalade": {
  
    
    
  "version": "3.1.1",
  
    
    
  "resolved": "https://registry.npmjs.org/escalade/-/escalade-3.1.1.tgz",
  
    
    
  "integrity": "sha512-k0er2gUkLf8O0zKJiAhmkTnJlTvINGv7ygDNPbeIsX/TJjGJZHuh9B2UxbsaEkmlEo9MfhrSzmhIlhRlI2GXnw=="
  
    
  },
  
    
  "fraction.js": {
  
    
    
  "version": "4.2.0",
  
    
    
  "resolved": "https://registry.npmjs.org/fraction.js/-/fraction.js-4.2.0.tgz",
  
    
    
  "integrity": "sha512-MhLuK+2gUcnZe8ZHlaaINnQLl0xRIGRfcGk2yl8xoQAfHrSsL3rYu6FCmBdkdbhc9EPlwyGHewaRsvwRMJtAlA=="
  
    
  },
  
    
  "get-user-locale": {
  
    
    
  "version": "1.4.0",
  
    
    
  "resolved": "https://registry.npmjs.org/get-user-locale/-/get-user-locale-1.4.0.tgz",
  
    
    
  "integrity": "sha512-gQo03lP1OArHLKlnoglqrGGl7b04u2EP9Xutmp72cMdtrrSD7ZgIsCsUKZynYWLDkVJW33Cj3pliP7uP0UonHQ==",
  
    
    
  "requires": {
  
    
    
    
  "lodash.once": "^4.1.1"
  
    
    
  }
  
    
  },
  
    
  "js-tokens": {
  
    
    
  "version": "4.0.0",
  
    
    
  "resolved": "https://registry.npmjs.org/js-tokens/-/js-tokens-4.0.0.tgz",
  
    
    
  "integrity": "sha512-RdJUflcE3cUzKiMqQgsCu06FPu9UdIJO0beYbPhHN4k6apgJtifcoCtT9bcxOpYBtpD2kCM6Sbzg4CausW/PKQ=="
  
    
  },
  
    
  "lodash.once": {
  
    
    
  "version": "4.1.1",
  
    
    
  "resolved": "https://registry.npmjs.org/lodash.once/-/lodash.once-4.1.1.tgz",
  
    
    
  "integrity": "sha1-DdOXEhPHxW34gJd9UEyI+0cal6w="
  
    
  },
  
    
  "loose-envify": {
  
    
    
  "version": "1.4.0",
  
    
    
  "resolved": "https://registry.npmjs.org/loose-envify/-/loose-envify-1.4.0.tgz",
  
    
    
  "integrity": "sha512-lyuxPGr/Wfhrlem2CL/UcnUc1zcqKAImBDzukY7Y5F/yQiNdko6+fRLevlw1HgMySw7f611UIY408EtxRSoK3Q==",
  
    
    
  "requires": {
  
    
    
    
  "js-tokens": "^3.0.0 || ^4.0.0"
  
    
    
  }
  
    
  },
  
    
  "merge-class-names": {
  
    
    
  "version": "1.4.2",
  
    
    
  "resolved": "https://registry.npmjs.org/merge-class-names/-/merge-class-names-1.4.2.tgz",
  
    
    
  "integrity": "sha512-bOl98VzwCGi25Gcn3xKxnR5p/WrhWFQB59MS/aGENcmUc6iSm96yrFDF0XSNurX9qN4LbJm0R9kfvsQ17i8zCw=="
  
    
  },
  
    
  "nanoid": {
  
    
    
  "version": "3.3.4",
  
    
    
  "resolved": "https://registry.npmjs.org/nanoid/-/nanoid-3.3.4.tgz",
  
    
    
  "integrity": "sha512-MqBkQh/OHTS2egovRtLk45wEyNXwF+cokD+1YPf9u5VfJiRdAiRwB2froX5Co9Rh20xs4siNPm8naNotSD6RBw==",
  
    
    
  "peer": true
  
    
  },
  
    
  "node-releases": {
  
    
    
  "version": "2.0.4",
  
    
    
  "resolved": "https://registry.npmjs.org/node-releases/-/node-releases-2.0.4.tgz",
  
    
    
  "integrity": "sha512-gbMzqQtTtDz/00jQzZ21PQzdI9PyLYqUSvD0p3naOhX4odFji0ZxYdnVwPTxmSwkmxhcFImpozceidSG+AgoPQ=="
  
    
  },
  
    
  "normalize-range": {
  
    
    
  "version": "0.1.2",
  
    
    
  "resolved": "https://registry.npmjs.org/normalize-range/-/normalize-range-0.1.2.tgz",
  
    
    
  "integrity": "sha1-LRDAa9/TEuqXd2laTShDlFa3WUI="
  
    
  },
  
    
  "object-assign": {
  
    
    
  "version": "4.1.1",
  
    
    
  "resolved": "https://registry.npmjs.org/object-assign/-/object-assign-4.1.1.tgz",
  
    
    
  "integrity": "sha1-IQmtx5ZYh8/AXLvUQsrIv7s2CGM="
  
    
  },
  
    
  "picocolors": {
  
    
    
  "version": "1.0.0",
  
    
    
  "resolved": "https://registry.npmjs.org/picocolors/-/picocolors-1.0.0.tgz",
  
    
    
  "integrity": "sha512-1fygroTLlHu66zi26VoTDv8yRgm0Fccecssto+MhsZ0D/DGW2sm8E8AjW7NU5VVTRt5GxbeZ5qBuJr+HyLYkjQ=="
  
    
  },
  
    
  "postcss": {
  
    
    
  "version": "8.4.13",
  
    
    
  "resolved": "https://registry.npmjs.org/postcss/-/postcss-8.4.13.tgz",
  
    
    
  "integrity": "sha512-jtL6eTBrza5MPzy8oJLFuUscHDXTV5KcLlqAWHl5q5WYRfnNRGSmOZmOZ1T6Gy7A99mOZfqungmZMpMmCVJ8ZA==",
  
    
    
  "peer": true,
  
    
    
  "requires": {
  
    
    
    
  "nanoid": "^3.3.3",
  
    
    
    
  "picocolors": "^1.0.0",
  
    
    
    
  "source-map-js": "^1.0.2"
  
    
    
  }
  
    
  },
  
    
  "postcss-value-parser": {
  
    
    
  "version": "4.2.0",
  
    
    
  "resolved": "https://registry.npmjs.org/postcss-value-parser/-/postcss-value-parser-4.2.0.tgz",
  
    
    
  "integrity": "sha512-1NNCs6uurfkVbeXG4S8JFT9t19m45ICnif8zWLd5oPSZ50QnwMfK+H3jv408d4jw/7Bttv5axS5IiHoLaVNHeQ=="
  
    
  },
  
    
  "prop-types": {
  
    
    
  "version": "15.8.1",
  
    
    
  "resolved": "https://registry.npmjs.org/prop-types/-/prop-types-15.8.1.tgz",
  
    
    
  "integrity": "sha512-oj87CgZICdulUohogVAR7AjlC0327U4el4L6eAvOqCeudMDVU0NThNaV+b9Df4dXgSP1gXMTnPdhfe/2qDH5cg==",
  
    
    
  "requires": {
  
    
    
    
  "loose-envify": "^1.4.0",
  
    
    
    
  "object-assign": "^4.1.1",
  
    
    
    
  "react-is": "^16.13.1"
  
    
    
  }
  
    
  },
  
    
  "react": {
  
    
    
  "version": "18.1.0",
  
    
    
  "resolved": "https://registry.npmjs.org/react/-/react-18.1.0.tgz",
  
    
    
  "integrity": "sha512-4oL8ivCz5ZEPyclFQXaNksK3adutVS8l2xzZU0cqEFrE9Sb7fC0EFK5uEk74wIreL1DERyjvsU915j1pcT2uEQ==",
  
    
    
  "requires": {
  
    
    
    
  "loose-envify": "^1.1.0"
  
    
    
  }
  
    
  },
  
    
  "react-calendar": {
  
    
    
  "version": "3.7.0",
  
    
    
  "resolved": "https://registry.npmjs.org/react-calendar/-/react-calendar-3.7.0.tgz",
  
    
    
  "integrity": "sha512-zkK95zWLWLC6w3O7p3SHx/FJXEyyD2UMd4jr3CrKD+G73N+G5vEwrXxYQCNivIPoFNBjqoyYYGlkHA+TBDPLCw==",
  
    
    
  "requires": {
  
    
    
    
  "@wojtekmaj/date-utils": "^1.0.2",
  
    
    
    
  "get-user-locale": "^1.2.0",
  
    
    
    
  "merge-class-names": "^1.1.1",
  
    
    
    
  "prop-types": "^15.6.0"
  
    
    
  }
  
    
  },
  
    
  "react-dom": {
  
    
    
  "version": "18.1.0",
  
    
    
  "resolved": "https://registry.npmjs.org/react-dom/-/react-dom-18.1.0.tgz",
  
    
    
  "integrity": "sha512-fU1Txz7Budmvamp7bshe4Zi32d0ll7ect+ccxNu9FlObT605GOEB8BfO4tmRJ39R5Zj831VCpvQ05QPBW5yb+w==",
  
    
    
  "peer": true,
  
    
    
  "requires": {
  
    
    
    
  "loose-envify": "^1.1.0",
  
    
    
    
  "scheduler": "^0.22.0"
  
    
    
  }
  
    
  },
  
    
  "react-is": {
  
    
    
  "version": "16.13.1",
  
    
    
  "resolved": "https://registry.npmjs.org/react-is/-/react-is-16.13.1.tgz",
  
    
    
  "integrity": "sha512-24e6ynE2H+OKt4kqsOvNd8kBpV65zoxbA4BVsEOB3ARVWQki/DHzaUoC5KuON/BiccDaCCTZBuOcfZs70kR8bQ=="
  
    
  },
  
    
  "scheduler": {
  
    
    
  "version": "0.22.0",
  
    
    
  "resolved": "https://registry.npmjs.org/scheduler/-/scheduler-0.22.0.tgz",
  
    
    
  "integrity": "sha512-6QAm1BgQI88NPYymgGQLCZgvep4FyePDWFpXVK+zNSUgHwlqpJy8VEh8Et0KxTACS4VWwMousBElAZOH9nkkoQ==",
  
    
    
  "peer": true,
  
    
    
  "requires": {
  
    
    
    
  "loose-envify": "^1.1.0"
  
    
    
  }
  
    
  },
  
    
  "source-map-js": {
  
    
    
  "version": "1.0.2",
  
    
    
  "resolved": "https://registry.npmjs.org/source-map-js/-/source-map-js-1.0.2.tgz",
  
    
    
  "integrity": "sha512-R0XvVJ9WusLiqTCEiGCmICCMplcCkIwwR11mOSD9CR5u+IXYdiseeEuXCVAjS54zqwkLcPNnmU4OeJ6tUrWhDw==",
  
    
    
  "peer": true
  
    
  }
  
  }
}
